
Microsoft Visual Studio Solution File, Format Version 12.00
# Visual Studio Version 16
VisualStudioVersion = 16.0.31321.278
MinimumVisualStudioVersion = 10.0.40219.1
Project("{9A19103F-16F7-4668-BE54-9A1E7A4F7556}") = "TCCCards.Models", "TCCCards.Models\TCCCards.Models.csproj", "{DB2DB44F-D47D-424B-9E5B-81561CDCE169}"
EndProject
Project("{2150E333-8FDC-42A3-9474-1A3956D46DE8}") = "Core", "Core", "{D3B605DB-EB8B-4BCC-BCF3-857F0C1E7B63}"
EndProject
Project("{2150E333-8FDC-42A3-9474-1A3956D46DE8}") = "Microservices", "Microservices", "{6EBA513C-E8F7-4BAF-989F-DC556B3F20B1}"
EndProject
Project("{9A19103F-16F7-4668-BE54-9A1E7A4F7556}") = "TCCCards.Repository", "TCCCards.Repository\TCCCards.Repository.csproj", "{DDA880A0-5C04-447E-BC9A-8247A1A32B95}"
EndProject
Project("{9A19103F-16F7-4668-BE54-9A1E7A4F7556}") = "TCCCards.Service", "TCCCards.Service\TCCCards.Service.csproj", "{446470F0-6B19-4FB9-A5C2-01BB84898BF8}"
EndProject
Project("{9A19103F-16F7-4668-BE54-9A1E7A4F7556}") = "TCCCards.Identity", "TCCCards.Identity\TCCCards.Identity.csproj", "{FDCDCDC5-C3E4-4726-8BC0-37822343E80C}"
EndProject
Project("{9A19103F-16F7-4668-BE54-9A1E7A4F7556}") = "TCCCards.Purchase.API", "TCCCards.Purchase.API\TCCCards.Purchase.API.csproj", "{04542FA0-8068-4BA3-81A8-76127626429F}"
EndProject
Project("{9A19103F-16F7-4668-BE54-9A1E7A4F7556}") = "TCCCards.Cards.API", "TCCCards.Cards.API\TCCCards.Cards.API.csproj", "{27FB0D87-09E1-4E7B-8705-96A8405674DE}"
EndProject
Project("{FAE04EC0-301F-11D3-BF4B-00C04F79EFBC}") = "TCCCards.Web", "TCCCards.Web\TCCCards.Web.csproj", "{ABF2A30D-95AB-4A42-A3B9-FECC66C79793}"
	ProjectSection(ProjectDependencies) = postProject
		{677B2950-33AE-4561-933D-09732917A950} = {677B2950-33AE-4561-933D-09732917A950}
	EndProjectSection
EndProject
Project("{9A19103F-16F7-4668-BE54-9A1E7A4F7556}") = "TCCCards.Common", "TCCCards.Common\TCCCards.Common.csproj", "{8F6C15DC-EDA3-407D-9261-F08394C637B3}"
EndProject
Project("{9A19103F-16F7-4668-BE54-9A1E7A4F7556}") = "TCCCards.User.API", "TCCCards.User.API\TCCCards.User.API.csproj", "{918A19DC-ADF3-4DF1-9AB3-8323B934FD8B}"
EndProject
Project("{FAE04EC0-301F-11D3-BF4B-00C04F79EFBC}") = "TCCCards.ViewModels", "TCCCards.ViewModels\TCCCards.ViewModels.csproj", "{677B2950-33AE-4561-933D-09732917A950}"
EndProject
Global
	GlobalSection(SolutionConfigurationPlatforms) = preSolution
		Debug|Any CPU = Debug|Any CPU
		Release|Any CPU = Release|Any CPU
	EndGlobalSection
	GlobalSection(ProjectConfigurationPlatforms) = postSolution
		{DB2DB44F-D47D-424B-9E5B-81561CDCE169}.Debug|Any CPU.ActiveCfg = Debug|Any CPU
		{DB2DB44F-D47D-424B-9E5B-81561CDCE169}.Debug|Any CPU.Build.0 = Debug|Any CPU
		{DB2DB44F-D47D-424B-9E5B-81561CDCE169}.Release|Any CPU.ActiveCfg = Release|Any CPU
		{DB2DB44F-D47D-424B-9E5B-81561CDCE169}.Release|Any CPU.Build.0 = Release|Any CPU
		{DDA880A0-5C04-447E-BC9A-8247A1A32B95}.Debug|Any CPU.ActiveCfg = Debug|Any CPU
		{DDA880A0-5C04-447E-BC9A-8247A1A32B95}.Debug|Any CPU.Build.0 = Debug|Any CPU
		{DDA880A0-5C04-447E-BC9A-8247A1A32B95}.Release|Any CPU.ActiveCfg = Release|Any CPU
		{DDA880A0-5C04-447E-BC9A-8247A1A32B95}.Release|Any CPU.Build.0 = Release|Any CPU
		{446470F0-6B19-4FB9-A5C2-01BB84898BF8}.Debug|Any CPU.ActiveCfg = Debug|Any CPU
		{446470F0-6B19-4FB9-A5C2-01BB84898BF8}.Debug|Any CPU.Build.0 = Debug|Any CPU
		{446470F0-6B19-4FB9-A5C2-01BB84898BF8}.Release|Any CPU.ActiveCfg = Release|Any CPU
		{446470F0-6B19-4FB9-A5C2-01BB84898BF8}.Release|Any CPU.Build.0 = Release|Any CPU
		{FDCDCDC5-C3E4-4726-8BC0-37822343E80C}.Debug|Any CPU.ActiveCfg = Debug|Any CPU
		{FDCDCDC5-C3E4-4726-8BC0-37822343E80C}.Debug|Any CPU.Build.0 = Debug|Any CPU
		{FDCDCDC5-C3E4-4726-8BC0-37822343E80C}.Release|Any CPU.ActiveCfg = Release|Any CPU
		{FDCDCDC5-C3E4-4726-8BC0-37822343E80C}.Release|Any CPU.Build.0 = Release|Any CPU
		{04542FA0-8068-4BA3-81A8-76127626429F}.Debug|Any CPU.ActiveCfg = Debug|Any CPU
		{04542FA0-8068-4BA3-81A8-76127626429F}.Debug|Any CPU.Build.0 = Debug|Any CPU
		{04542FA0-8068-4BA3-81A8-76127626429F}.Release|Any CPU.ActiveCfg = Release|Any CPU
		{04542FA0-8068-4BA3-81A8-76127626429F}.Release|Any CPU.Build.0 = Release|Any CPU
		{27FB0D87-09E1-4E7B-8705-96A8405674DE}.Debug|Any CPU.ActiveCfg = Debug|Any CPU
		{27FB0D87-09E1-4E7B-8705-96A8405674DE}.Debug|Any CPU.Build.0 = Debug|Any CPU
		{27FB0D87-09E1-4E7B-8705-96A8405674DE}.Release|Any CPU.ActiveCfg = Release|Any CPU
		{27FB0D87-09E1-4E7B-8705-96A8405674DE}.Release|Any CPU.Build.0 = Release|Any CPU
		{ABF2A30D-95AB-4A42-A3B9-FECC66C79793}.Debug|Any CPU.ActiveCfg = Debug|Any CPU
		{ABF2A30D-95AB-4A42-A3B9-FECC66C79793}.Debug|Any CPU.Build.0 = Debug|Any CPU
		{ABF2A30D-95AB-4A42-A3B9-FECC66C79793}.Release|Any CPU.ActiveCfg = Release|Any CPU
		{ABF2A30D-95AB-4A42-A3B9-FECC66C79793}.Release|Any CPU.Build.0 = Release|Any CPU
		{8F6C15DC-EDA3-407D-9261-F08394C637B3}.Debug|Any CPU.ActiveCfg = Debug|Any CPU
		{8F6C15DC-EDA3-407D-9261-F08394C637B3}.Debug|Any CPU.Build.0 = Debug|Any CPU
		{8F6C15DC-EDA3-407D-9261-F08394C637B3}.Release|Any CPU.ActiveCfg = Release|Any CPU
		{8F6C15DC-EDA3-407D-9261-F08394C637B3}.Release|Any CPU.Build.0 = Release|Any CPU
		{918A19DC-ADF3-4DF1-9AB3-8323B934FD8B}.Debug|Any CPU.ActiveCfg = Debug|Any CPU
		{918A19DC-ADF3-4DF1-9AB3-8323B934FD8B}.Debug|Any CPU.Build.0 = Debug|Any CPU
		{918A19DC-ADF3-4DF1-9AB3-8323B934FD8B}.Release|Any CPU.ActiveCfg = Release|Any CPU
		{918A19DC-ADF3-4DF1-9AB3-8323B934FD8B}.Release|Any CPU.Build.0 = Release|Any CPU
		{677B2950-33AE-4561-933D-09732917A950}.Debug|Any CPU.ActiveCfg = Debug|Any CPU
		{677B2950-33AE-4561-933D-09732917A950}.Debug|Any CPU.Build.0 = Debug|Any CPU
		{677B2950-33AE-4561-933D-09732917A950}.Release|Any CPU.ActiveCfg = Release|Any CPU
		{677B2950-33AE-4561-933D-09732917A950}.Release|Any CPU.Build.0 = Release|Any CPU
	EndGlobalSection
	GlobalSection(SolutionProperties) = preSolution
		HideSolutionNode = FALSE
	EndGlobalSection
	GlobalSection(NestedProjects) = preSolution
		{DB2DB44F-D47D-424B-9E5B-81561CDCE169} = {D3B605DB-EB8B-4BCC-BCF3-857F0C1E7B63}
		{DDA880A0-5C04-447E-BC9A-8247A1A32B95} = {D3B605DB-EB8B-4BCC-BCF3-857F0C1E7B63}
		{446470F0-6B19-4FB9-A5C2-01BB84898BF8} = {D3B605DB-EB8B-4BCC-BCF3-857F0C1E7B63}
		{FDCDCDC5-C3E4-4726-8BC0-37822343E80C} = {6EBA513C-E8F7-4BAF-989F-DC556B3F20B1}
		{04542FA0-8068-4BA3-81A8-76127626429F} = {6EBA513C-E8F7-4BAF-989F-DC556B3F20B1}
		{27FB0D87-09E1-4E7B-8705-96A8405674DE} = {6EBA513C-E8F7-4BAF-989F-DC556B3F20B1}
		{ABF2A30D-95AB-4A42-A3B9-FECC66C79793} = {6EBA513C-E8F7-4BAF-989F-DC556B3F20B1}
		{8F6C15DC-EDA3-407D-9261-F08394C637B3} = {D3B605DB-EB8B-4BCC-BCF3-857F0C1E7B63}
		{918A19DC-ADF3-4DF1-9AB3-8323B934FD8B} = {6EBA513C-E8F7-4BAF-989F-DC556B3F20B1}
		{677B2950-33AE-4561-933D-09732917A950} = {D3B605DB-EB8B-4BCC-BCF3-857F0C1E7B63}
	EndGlobalSection
	GlobalSection(ExtensibilityGlobals) = postSolution
		SolutionGuid = {D05B0853-FD9A-4CE5-AE14-6A71D0DEB6D4}
	EndGlobalSection
EndGlobal
